
Microsoft Visual Studio Solution File, Format Version 12.00
# Visual Studio 15
Project("{FAE04EC0-301F-11D3-BF4B-00C04F79EFBC}") = "ShaderGraph", "Assembly-CSharp.csproj", "{27D897CD-5EC1-FD1A-5636-FD23846BD83C}"
EndProject
Project("{FAE04EC0-301F-11D3-BF4B-00C04F79EFBC}") = "ShaderGraph", "Assembly-CSharp-Editor.csproj", "{15C1E24A-761E-894D-75E5-466CE7F844CD}"
EndProject
Global
	GlobalSection(SolutionConfigurationPlatforms) = preSolution
		Debug|Any CPU = Debug|Any CPU
		Release|Any CPU = Release|Any CPU
	EndGlobalSection
	GlobalSection(ProjectConfigurationPlatforms) = postSolution
		{27D897CD-5EC1-FD1A-5636-FD23846BD83C}.Debug|Any CPU.ActiveCfg = Debug|Any CPU
		{27D897CD-5EC1-FD1A-5636-FD23846BD83C}.Debug|Any CPU.Build.0 = Debug|Any CPU
		{27D897CD-5EC1-FD1A-5636-FD23846BD83C}.Release|Any CPU.ActiveCfg = Release|Any CPU
		{27D897CD-5EC1-FD1A-5636-FD23846BD83C}.Release|Any CPU.Build.0 = Release|Any CPU
		{15C1E24A-761E-894D-75E5-466CE7F844CD}.Debug|Any CPU.ActiveCfg = Debug|Any CPU
		{15C1E24A-761E-894D-75E5-466CE7F844CD}.Debug|Any CPU.Build.0 = Debug|Any CPU
		{15C1E24A-761E-894D-75E5-466CE7F844CD}.Release|Any CPU.ActiveCfg = Release|Any CPU
		{15C1E24A-761E-894D-75E5-466CE7F844CD}.Release|Any CPU.Build.0 = Release|Any CPU
	EndGlobalSection
	GlobalSection(SolutionProperties) = preSolution
		HideSolutionNode = FALSE
	EndGlobalSection
EndGlobal
